
Microsoft Visual Studio Solution File, Format Version 12.00
# Visual Studio Version 17
VisualStudioVersion = 17.4.33213.308
MinimumVisualStudioVersion = 10.0.40219.1
Project("{8BC9CEB8-8B4A-11D0-8D11-00A0C91BC942}") = "TrayChimes", "TrayChimes\TrayChimes.vcxproj", "{B7DBBC28-7179-4B00-85AA-66AE0C932138}"
EndProject
Project("{8BC9CEB8-8B4A-11D0-8D11-00A0C91BC942}") = "TrayChimesSetup", "TrayChimesSetup\TrayChimesSetup.vcxproj", "{FF08F164-6D82-4EF9-93C1-3E6A0A06FC1D}"
EndProject
Global
	GlobalSection(SolutionConfigurationPlatforms) = preSolution
		Debug|Any CPU = Debug|Any CPU
		Debug|x64 = Debug|x64
		Debug|x86 = Debug|x86
		Release|Any CPU = Release|Any CPU
		Release|x64 = Release|x64
		Release|x86 = Release|x86
	EndGlobalSection
	GlobalSection(ProjectConfigurationPlatforms) = postSolution
		{B7DBBC28-7179-4B00-85AA-66AE0C932138}.Debug|Any CPU.ActiveCfg = Debug|x64
		{B7DBBC28-7179-4B00-85AA-66AE0C932138}.Debug|Any CPU.Build.0 = Debug|x64
		{B7DBBC28-7179-4B00-85AA-66AE0C932138}.Debug|x64.ActiveCfg = Debug|x64
		{B7DBBC28-7179-4B00-85AA-66AE0C932138}.Debug|x64.Build.0 = Debug|x64
		{B7DBBC28-7179-4B00-85AA-66AE0C932138}.Debug|x86.ActiveCfg = Debug|Win32
		{B7DBBC28-7179-4B00-85AA-66AE0C932138}.Debug|x86.Build.0 = Debug|Win32
		{B7DBBC28-7179-4B00-85AA-66AE0C932138}.Release|Any CPU.ActiveCfg = Release|x64
		{B7DBBC28-7179-4B00-85AA-66AE0C932138}.Release|Any CPU.Build.0 = Release|x64
		{B7DBBC28-7179-4B00-85AA-66AE0C932138}.Release|x64.ActiveCfg = Release|x64
		{B7DBBC28-7179-4B00-85AA-66AE0C932138}.Release|x64.Build.0 = Release|x64
		{B7DBBC28-7179-4B00-85AA-66AE0C932138}.Release|x86.ActiveCfg = Release|Win32
		{B7DBBC28-7179-4B00-85AA-66AE0C932138}.Release|x86.Build.0 = Release|Win32
		{FF08F164-6D82-4EF9-93C1-3E6A0A06FC1D}.Debug|Any CPU.ActiveCfg = Debug|x64
		{FF08F164-6D82-4EF9-93C1-3E6A0A06FC1D}.Debug|Any CPU.Build.0 = Debug|x64
		{FF08F164-6D82-4EF9-93C1-3E6A0A06FC1D}.Debug|x64.ActiveCfg = Debug|x64
		{FF08F164-6D82-4EF9-93C1-3E6A0A06FC1D}.Debug|x64.Build.0 = Debug|x64
		{FF08F164-6D82-4EF9-93C1-3E6A0A06FC1D}.Debug|x86.ActiveCfg = Debug|Win32
		{FF08F164-6D82-4EF9-93C1-3E6A0A06FC1D}.Debug|x86.Build.0 = Debug|Win32
		{FF08F164-6D82-4EF9-93C1-3E6A0A06FC1D}.Release|Any CPU.ActiveCfg = Release|x64
		{FF08F164-6D82-4EF9-93C1-3E6A0A06FC1D}.Release|Any CPU.Build.0 = Release|x64
		{FF08F164-6D82-4EF9-93C1-3E6A0A06FC1D}.Release|x64.ActiveCfg = Release|x64
		{FF08F164-6D82-4EF9-93C1-3E6A0A06FC1D}.Release|x64.Build.0 = Release|x64
		{FF08F164-6D82-4EF9-93C1-3E6A0A06FC1D}.Release|x86.ActiveCfg = Release|Win32
		{FF08F164-6D82-4EF9-93C1-3E6A0A06FC1D}.Release|x86.Build.0 = Release|Win32
	EndGlobalSection
	GlobalSection(SolutionProperties) = preSolution
		HideSolutionNode = FALSE
	EndGlobalSection
	GlobalSection(ExtensibilityGlobals) = postSolution
		SolutionGuid = {BE82D41E-47FE-44D3-9901-69B3543FEAA4}
	EndGlobalSection
EndGlobal
