
Microsoft Visual Studio Solution File, Format Version 12.00
# Visual Studio Version 17
VisualStudioVersion = 17.4.33213.308
MinimumVisualStudioVersion = 10.0.40219.1
Project("{8BC9CEB8-8B4A-11D0-8D11-00A0C91BC942}") = "TrayChimes", "TrayChimes\TrayChimes.vcxproj", "{B7DBBC28-7179-4B00-85AA-66AE0C932138}"
EndProject
Global
	GlobalSection(SolutionConfigurationPlatforms) = preSolution
		Debug|x86 = Debug|x86
		Release|x86 = Release|x86
	EndGlobalSection
	GlobalSection(ProjectConfigurationPlatforms) = postSolution
		{B7DBBC28-7179-4B00-85AA-66AE0C932138}.Debug|x86.ActiveCfg = Debug|Win32
		{B7DBBC28-7179-4B00-85AA-66AE0C932138}.Debug|x86.Build.0 = Debug|Win32
		{B7DBBC28-7179-4B00-85AA-66AE0C932138}.Release|x86.ActiveCfg = Release|Win32
		{B7DBBC28-7179-4B00-85AA-66AE0C932138}.Release|x86.Build.0 = Release|Win32
	EndGlobalSection
	GlobalSection(SolutionProperties) = preSolution
		HideSolutionNode = FALSE
	EndGlobalSection
	GlobalSection(ExtensibilityGlobals) = postSolution
		SolutionGuid = {BE82D41E-47FE-44D3-9901-69B3543FEAA4}
	EndGlobalSection
EndGlobal
